
Microsoft Visual Studio Solution File, Format Version 12.00
# Visual Studio Version 17
VisualStudioVersion = 17.5.33516.290
MinimumVisualStudioVersion = 10.0.40219.1
Project("{9A19103F-16F7-4668-BE54-9A1E7A4F7556}") = "Library.UI", "Library.UI\Library.UI.csproj", "{CFE20C39-9142-47DB-B1C3-476BE913AAB5}"
EndProject
Project("{9A19103F-16F7-4668-BE54-9A1E7A4F7556}") = "Library.Models", "Library.Models\Library.Models.csproj", "{DE76838D-2E85-4C06-8645-A4865370DD54}"
EndProject
Project("{9A19103F-16F7-4668-BE54-9A1E7A4F7556}") = "Library.Data", "Library.Data\Library.Data.csproj", "{10F69221-C4C8-4B65-AB78-32F351834A2A}"
EndProject
Global
	GlobalSection(SolutionConfigurationPlatforms) = preSolution
		Debug|Any CPU = Debug|Any CPU
		Release|Any CPU = Release|Any CPU
	EndGlobalSection
	GlobalSection(ProjectConfigurationPlatforms) = postSolution
		{CFE20C39-9142-47DB-B1C3-476BE913AAB5}.Debug|Any CPU.ActiveCfg = Debug|Any CPU
		{CFE20C39-9142-47DB-B1C3-476BE913AAB5}.Debug|Any CPU.Build.0 = Debug|Any CPU
		{CFE20C39-9142-47DB-B1C3-476BE913AAB5}.Release|Any CPU.ActiveCfg = Release|Any CPU
		{CFE20C39-9142-47DB-B1C3-476BE913AAB5}.Release|Any CPU.Build.0 = Release|Any CPU
		{DE76838D-2E85-4C06-8645-A4865370DD54}.Debug|Any CPU.ActiveCfg = Debug|Any CPU
		{DE76838D-2E85-4C06-8645-A4865370DD54}.Debug|Any CPU.Build.0 = Debug|Any CPU
		{DE76838D-2E85-4C06-8645-A4865370DD54}.Release|Any CPU.ActiveCfg = Release|Any CPU
		{DE76838D-2E85-4C06-8645-A4865370DD54}.Release|Any CPU.Build.0 = Release|Any CPU
		{10F69221-C4C8-4B65-AB78-32F351834A2A}.Debug|Any CPU.ActiveCfg = Debug|Any CPU
		{10F69221-C4C8-4B65-AB78-32F351834A2A}.Debug|Any CPU.Build.0 = Debug|Any CPU
		{10F69221-C4C8-4B65-AB78-32F351834A2A}.Release|Any CPU.ActiveCfg = Release|Any CPU
		{10F69221-C4C8-4B65-AB78-32F351834A2A}.Release|Any CPU.Build.0 = Release|Any CPU
	EndGlobalSection
	GlobalSection(SolutionProperties) = preSolution
		HideSolutionNode = FALSE
	EndGlobalSection
	GlobalSection(ExtensibilityGlobals) = postSolution
		SolutionGuid = {A9D63B43-453B-4D4C-9C62-E84C9A12EAD3}
	EndGlobalSection
EndGlobal
